# THIS IS AN AUTOGENERATED FILE. DO NOT EDIT THIS FILE DIRECTLY.
# yarn lockfile v1


"@types/d3-array@*":
  version "3.0.1"
  resolved "https://registry.nlark.com/@types/d3-array/download/@types/d3-array-3.0.1.tgz?cache=0&sync_timestamp=1629707359251&other_urls=https%3A%2F%2Fregistry.nlark.com%2F%40types%2Fd3-array%2Fdownload%2F%40types%2Fd3-array-3.0.1.tgz#0ff28ee7052a2e504cb951d17df7437c33d442d6"
  integrity sha1-D/KO5wUqLlBMuVHRffdDfDPUQtY=

"@types/d3-axis@*":
  version "3.0.1"
  resolved "https://registry.nlark.com/@types/d3-axis/download/@types/d3-axis-3.0.1.tgz?cache=0&sync_timestamp=1629707358969&other_urls=https%3A%2F%2Fregistry.nlark.com%2F%40types%2Fd3-axis%2Fdownload%2F%40types%2Fd3-axis-3.0.1.tgz#6afc20744fa5cc0cbc3e2bd367b140a79ed3e7a8"
  integrity sha1-avwgdE+lzAy8PivTZ7FAp57T56g=
  dependencies:
    "@types/d3-selection" "*"

"@types/d3-brush@*":
  version "3.0.1"
  resolved "https://registry.nlark.com/@types/d3-brush/download/@types/d3-brush-3.0.1.tgz?cache=0&sync_timestamp=1629707358369&other_urls=https%3A%2F%2Fregistry.nlark.com%2F%40types%2Fd3-brush%2Fdownload%2F%40types%2Fd3-brush-3.0.1.tgz#ae5f17ce391935ca88b29000e60ee20452c6357c"
  integrity sha1-rl8XzjkZNcqIspAA5g7iBFLGNXw=
  dependencies:
    "@types/d3-selection" "*"

"@types/d3-chord@*":
  version "3.0.1"
  resolved "https://registry.nlark.com/@types/d3-chord/download/@types/d3-chord-3.0.1.tgz?cache=0&sync_timestamp=1629707358103&other_urls=https%3A%2F%2Fregistry.nlark.com%2F%40types%2Fd3-chord%2Fdownload%2F%40types%2Fd3-chord-3.0.1.tgz#54c8856c19c8e4ab36a53f73ba737de4768ad248"
  integrity sha1-VMiFbBnI5Ks2pT9zunN95HaK0kg=

"@types/d3-color@*":
  version "3.0.2"
  resolved "https://registry.nlark.com/@types/d3-color/download/@types/d3-color-3.0.2.tgz?cache=0&sync_timestamp=1629707360779&other_urls=https%3A%2F%2Fregistry.nlark.com%2F%40types%2Fd3-color%2Fdownload%2F%40types%2Fd3-color-3.0.2.tgz#53f2d6325f66ee79afd707c05ac849e8ae0edbb0"
  integrity sha1-U/LWMl9m7nmv1wfAWshJ6K4O27A=

"@types/d3-contour@*":
  version "3.0.1"
  resolved "https://registry.nlark.com/@types/d3-contour/download/@types/d3-contour-3.0.1.tgz#9ff4e2fd2a3910de9c5097270a7da8a6ef240017"
  integrity sha1-n/Ti/So5EN6cUJcnCn2opu8kABc=
  dependencies:
    "@types/d3-array" "*"
    "@types/geojson" "*"

"@types/d3-delaunay@*":
  version "6.0.0"
  resolved "https://registry.nlark.com/@types/d3-delaunay/download/@types/d3-delaunay-6.0.0.tgz#c09953ac7e5460997f693d2d7bf3522e0d4a88e6"
  integrity sha1-wJlTrH5UYJl/aT0te/NSLg1KiOY=

"@types/d3-dispatch@*":
  version "3.0.1"
  resolved "https://registry.nlark.com/@types/d3-dispatch/download/@types/d3-dispatch-3.0.1.tgz?cache=0&sync_timestamp=1629707360199&other_urls=https%3A%2F%2Fregistry.nlark.com%2F%40types%2Fd3-dispatch%2Fdownload%2F%40types%2Fd3-dispatch-3.0.1.tgz#a1b18ae5fa055a6734cb3bd3cbc6260ef19676e3"
  integrity sha1-obGK5foFWmc0yzvTy8YmDvGWduM=

"@types/d3-drag@*":
  version "3.0.1"
  resolved "https://registry.nlark.com/@types/d3-drag/download/@types/d3-drag-3.0.1.tgz?cache=0&sync_timestamp=1629707363154&other_urls=https%3A%2F%2Fregistry.nlark.com%2F%40types%2Fd3-drag%2Fdownload%2F%40types%2Fd3-drag-3.0.1.tgz#fb1e3d5cceeee4d913caa59dedf55c94cb66e80f"
  integrity sha1-+x49XM7u5NkTyqWd7fVclMtm6A8=
  dependencies:
    "@types/d3-selection" "*"

"@types/d3-dsv@*":
  version "3.0.0"
  resolved "https://registry.nlark.com/@types/d3-dsv/download/@types/d3-dsv-3.0.0.tgz?cache=0&sync_timestamp=1629707361719&other_urls=https%3A%2F%2Fregistry.nlark.com%2F%40types%2Fd3-dsv%2Fdownload%2F%40types%2Fd3-dsv-3.0.0.tgz#f3c61fb117bd493ec0e814856feb804a14cfc311"
  integrity sha1-88YfsRe9ST7A6BSFb+uAShTPwxE=

"@types/d3-ease@*":
  version "3.0.0"
  resolved "https://registry.nlark.com/@types/d3-ease/download/@types/d3-ease-3.0.0.tgz?cache=0&sync_timestamp=1629707362505&other_urls=https%3A%2F%2Fregistry.nlark.com%2F%40types%2Fd3-ease%2Fdownload%2F%40types%2Fd3-ease-3.0.0.tgz#c29926f8b596f9dadaeca062a32a45365681eae0"
  integrity sha1-wpkm+LWW+dra7KBioypFNlaB6uA=

"@types/d3-fetch@*":
  version "3.0.1"
  resolved "https://registry.nlark.com/@types/d3-fetch/download/@types/d3-fetch-3.0.1.tgz?cache=0&sync_timestamp=1629707361339&other_urls=https%3A%2F%2Fregistry.nlark.com%2F%40types%2Fd3-fetch%2Fdownload%2F%40types%2Fd3-fetch-3.0.1.tgz#f9fa88b81aa2eea5814f11aec82ecfddbd0b8fe0"
  integrity sha1-+fqIuBqi7qWBTxGuyC7P3b0Lj+A=
  dependencies:
    "@types/d3-dsv" "*"

"@types/d3-force@*":
  version "3.0.3"
  resolved "https://registry.nlark.com/@types/d3-force/download/@types/d3-force-3.0.3.tgz?cache=0&sync_timestamp=1629707362873&other_urls=https%3A%2F%2Fregistry.nlark.com%2F%40types%2Fd3-force%2Fdownload%2F%40types%2Fd3-force-3.0.3.tgz#76cb20d04ae798afede1ea6e41750763ff5a9c82"
  integrity sha1-dssg0ErnmK/t4epuQXUHY/9anII=

"@types/d3-format@*":
  version "3.0.1"
  resolved "https://registry.nlark.com/@types/d3-format/download/@types/d3-format-3.0.1.tgz#194f1317a499edd7e58766f96735bdc0216bb89d"
  integrity sha1-GU8TF6SZ7dflh2b5ZzW9wCFruJ0=

"@types/d3-geo@*":
  version "3.0.2"
  resolved "https://registry.nlark.com/@types/d3-geo/download/@types/d3-geo-3.0.2.tgz?cache=0&sync_timestamp=1629707362222&other_urls=https%3A%2F%2Fregistry.nlark.com%2F%40types%2Fd3-geo%2Fdownload%2F%40types%2Fd3-geo-3.0.2.tgz#e7ec5f484c159b2c404c42d260e6d99d99f45d9a"
  integrity sha1-5+xfSEwVmyxATELSYObZnZn0XZo=
  dependencies:
    "@types/geojson" "*"

"@types/d3-hierarchy@*":
  version "3.0.2"
  resolved "https://registry.nlark.com/@types/d3-hierarchy/download/@types/d3-hierarchy-3.0.2.tgz?cache=0&sync_timestamp=1629707364927&other_urls=https%3A%2F%2Fregistry.nlark.com%2F%40types%2Fd3-hierarchy%2Fdownload%2F%40types%2Fd3-hierarchy-3.0.2.tgz#ca63f2f4da15b8f129c5b7dffd71d904cba6aca2"
  integrity sha1-ymPy9NoVuPEpxbff/XHZBMumrKI=

"@types/d3-interpolate@*":
  version "3.0.1"
  resolved "https://registry.nlark.com/@types/d3-interpolate/download/@types/d3-interpolate-3.0.1.tgz?cache=0&sync_timestamp=1629707363417&other_urls=https%3A%2F%2Fregistry.nlark.com%2F%40types%2Fd3-interpolate%2Fdownload%2F%40types%2Fd3-interpolate-3.0.1.tgz#e7d17fa4a5830ad56fe22ce3b4fac8541a9572dc"
  integrity sha1-59F/pKWDCtVv4izjtPrIVBqVctw=
  dependencies:
    "@types/d3-color" "*"

"@types/d3-path@*":
  version "3.0.0"
  resolved "https://registry.nlark.com/@types/d3-path/download/@types/d3-path-3.0.0.tgz#939e3a784ae4f80b1fde8098b91af1776ff1312b"
  integrity sha1-k546eErk+Asf3oCYuRrxd2/xMSs=

"@types/d3-polygon@*":
  version "3.0.0"
  resolved "https://registry.nlark.com/@types/d3-polygon/download/@types/d3-polygon-3.0.0.tgz?cache=0&sync_timestamp=1629707366707&other_urls=https%3A%2F%2Fregistry.nlark.com%2F%40types%2Fd3-polygon%2Fdownload%2F%40types%2Fd3-polygon-3.0.0.tgz#5200a3fa793d7736fa104285fa19b0dbc2424b93"
  integrity sha1-UgCj+nk9dzb6EEKF+hmw28JCS5M=

"@types/d3-quadtree@*":
  version "3.0.2"
  resolved "https://registry.nlark.com/@types/d3-quadtree/download/@types/d3-quadtree-3.0.2.tgz?cache=0&sync_timestamp=1629707363761&other_urls=https%3A%2F%2Fregistry.nlark.com%2F%40types%2Fd3-quadtree%2Fdownload%2F%40types%2Fd3-quadtree-3.0.2.tgz#433112a178eb7df123aab2ce11c67f51cafe8ff5"
  integrity sha1-QzESoXjrffEjqrLOEcZ/Ucr+j/U=

"@types/d3-random@*":
  version "3.0.1"
  resolved "https://registry.nlark.com/@types/d3-random/download/@types/d3-random-3.0.1.tgz#5c8d42b36cd4c80b92e5626a252f994ca6bfc953"
  integrity sha1-XI1Cs2zUyAuS5WJqJS+ZTKa/yVM=

"@types/d3-scale-chromatic@*":
  version "3.0.0"
  resolved "https://registry.nlark.com/@types/d3-scale-chromatic/download/@types/d3-scale-chromatic-3.0.0.tgz#103124777e8cdec85b20b51fd3397c682ee1e954"
  integrity sha1-EDEkd36M3shbILUf0zl8aC7h6VQ=

"@types/d3-scale@*":
  version "4.0.1"
  resolved "https://registry.nlark.com/@types/d3-scale/download/@types/d3-scale-4.0.1.tgz?cache=0&sync_timestamp=1629707365204&other_urls=https%3A%2F%2Fregistry.nlark.com%2F%40types%2Fd3-scale%2Fdownload%2F%40types%2Fd3-scale-4.0.1.tgz#fbe8238e2eff27af577d2b7d0b933ae50a546970"
  integrity sha1-++gjji7/J69XfSt9C5M65QpUaXA=
  dependencies:
    "@types/d3-time" "*"

"@types/d3-selection@*":
  version "3.0.1"
  resolved "https://registry.nlark.com/@types/d3-selection/download/@types/d3-selection-3.0.1.tgz#e57b01ab69b18b380f68db97b76ceefe62f17191"
  integrity sha1-5XsBq2mxizgPaNuXt2zu/mLxcZE=

"@types/d3-shape@*":
  version "3.0.2"
  resolved "https://registry.nlark.com/@types/d3-shape/download/@types/d3-shape-3.0.2.tgz#4b1ca4ddaac294e76b712429726d40365cd1e8ca"
  integrity sha1-Sxyk3arClOdrcSQpcm1ANlzR6Mo=
  dependencies:
    "@types/d3-path" "*"

"@types/d3-time-format@*":
  version "4.0.0"
  resolved "https://registry.nlark.com/@types/d3-time-format/download/@types/d3-time-format-4.0.0.tgz?cache=0&sync_timestamp=1629707367277&other_urls=https%3A%2F%2Fregistry.nlark.com%2F%40types%2Fd3-time-format%2Fdownload%2F%40types%2Fd3-time-format-4.0.0.tgz#ee7b6e798f8deb2d9640675f8811d0253aaa1946"
  integrity sha1-7ntueY+N6y2WQGdfiBHQJTqqGUY=

"@types/d3-time@*":
  version "3.0.0"
  resolved "https://registry.nlark.com/@types/d3-time/download/@types/d3-time-3.0.0.tgz#e1ac0f3e9e195135361fa1a1d62f795d87e6e819"
  integrity sha1-4awPPp4ZUTU2H6Gh1i95XYfm6Bk=

"@types/d3-timer@*":
  version "3.0.0"
  resolved "https://registry.nlark.com/@types/d3-timer/download/@types/d3-timer-3.0.0.tgz?cache=0&sync_timestamp=1629707133527&other_urls=https%3A%2F%2Fregistry.nlark.com%2F%40types%2Fd3-timer%2Fdownload%2F%40types%2Fd3-timer-3.0.0.tgz#e2505f1c21ec08bda8915238e397fb71d2fc54ce"
  integrity sha1-4lBfHCHsCL2okVI445f7cdL8VM4=

"@types/d3-transition@*":
  version "3.0.1"
  resolved "https://registry.nlark.com/@types/d3-transition/download/@types/d3-transition-3.0.1.tgz?cache=0&sync_timestamp=1629707367545&other_urls=https%3A%2F%2Fregistry.nlark.com%2F%40types%2Fd3-transition%2Fdownload%2F%40types%2Fd3-transition-3.0.1.tgz#c9a96125567173d6163a6985b874f79154f4cc3d"
  integrity sha1-yalhJVZxc9YWOmmFuHT3kVT0zD0=
  dependencies:
    "@types/d3-selection" "*"

"@types/d3-zoom@*":
  version "3.0.1"
  resolved "https://registry.nlark.com/@types/d3-zoom/download/@types/d3-zoom-3.0.1.tgz#4bfc7e29625c4f79df38e2c36de52ec3e9faf826"
  integrity sha1-S/x+KWJcT3nfOOLDbeUuw+n6+CY=
  dependencies:
    "@types/d3-interpolate" "*"
    "@types/d3-selection" "*"

"@types/d3@^7.0.0":
  version "7.0.0"
  resolved "https://registry.npmmirror.com/@types/d3/download/@types/d3-7.0.0.tgz#d102ec6ea5741e51a1ff7b8228850db0665ccd27"
  integrity sha1-0QLsbqV0HlGh/3uCKIUNsGZczSc=
  dependencies:
    "@types/d3-array" "*"
    "@types/d3-axis" "*"
    "@types/d3-brush" "*"
    "@types/d3-chord" "*"
    "@types/d3-color" "*"
    "@types/d3-contour" "*"
    "@types/d3-delaunay" "*"
    "@types/d3-dispatch" "*"
    "@types/d3-drag" "*"
    "@types/d3-dsv" "*"
    "@types/d3-ease" "*"
    "@types/d3-fetch" "*"
    "@types/d3-force" "*"
    "@types/d3-format" "*"
    "@types/d3-geo" "*"
    "@types/d3-hierarchy" "*"
    "@types/d3-interpolate" "*"
    "@types/d3-path" "*"
    "@types/d3-polygon" "*"
    "@types/d3-quadtree" "*"
    "@types/d3-random" "*"
    "@types/d3-scale" "*"
    "@types/d3-scale-chromatic" "*"
    "@types/d3-selection" "*"
    "@types/d3-shape" "*"
    "@types/d3-time" "*"
    "@types/d3-time-format" "*"
    "@types/d3-timer" "*"
    "@types/d3-transition" "*"
    "@types/d3-zoom" "*"

"@types/geojson@*":
  version "7946.0.8"
  resolved "https://registry.nlark.com/@types/geojson/download/@types/geojson-7946.0.8.tgz#30744afdb385e2945e22f3b033f897f76b1f12ca"
  integrity sha1-MHRK/bOF4pReIvOwM/iX92sfEso=

commander@7:
  version "7.2.0"
  resolved "https://registry.nlark.com/commander/download/commander-7.2.0.tgz#a36cb57d0b501ce108e4d20559a150a391d97ab7"
  integrity sha1-o2y1fQtQHOEI5NIFWaFQo5HZerc=

"d3-array@2 - 3", "d3-array@2.10.0 - 3", "d3-array@2.5.0 - 3", d3-array@3:
  version "3.1.1"
  resolved "https://registry.npmmirror.com/d3-array/download/d3-array-3.1.1.tgz#7797eb53ead6b9083c75a45a681e93fc41bc468c"
  integrity sha1-d5frU+rWuQg8daRaaB6T/EG8Row=
  dependencies:
    internmap "1 - 2"

d3-axis@3:
  version "3.0.0"
  resolved "https://registry.nlark.com/d3-axis/download/d3-axis-3.0.0.tgz?cache=0&sync_timestamp=1623210031739&other_urls=https%3A%2F%2Fregistry.nlark.com%2Fd3-axis%2Fdownload%2Fd3-axis-3.0.0.tgz#c42a4a13e8131d637b745fc2973824cfeaf93322"
  integrity sha1-xCpKE+gTHWN7dF/Clzgkz+r5MyI=

d3-brush@3:
  version "3.0.0"
  resolved "https://registry.nlark.com/d3-brush/download/d3-brush-3.0.0.tgz#6f767c4ed8dcb79de7ede3e1c0f89e63ef64d31c"
  integrity sha1-b3Z8Ttjct53n7ePhwPieY+9k0xw=
  dependencies:
    d3-dispatch "1 - 3"
    d3-drag "2 - 3"
    d3-interpolate "1 - 3"
    d3-selection "3"
    d3-transition "3"

d3-chord@3:
  version "3.0.1"
  resolved "https://registry.nlark.com/d3-chord/download/d3-chord-3.0.1.tgz#d156d61f485fce8327e6abf339cb41d8cbba6966"
  integrity sha1-0VbWH0hfzoMn5qvzOctB2Mu6aWY=
  dependencies:
    d3-path "1 - 3"

"d3-color@1 - 3", d3-color@3:
  version "3.0.1"
  resolved "https://registry.nlark.com/d3-color/download/d3-color-3.0.1.tgz#03316e595955d1fcd39d9f3610ad41bb90194d0a"
  integrity sha1-AzFuWVlV0fzTnZ82EK1Bu5AZTQo=

d3-contour@3:
  version "3.0.1"
  resolved "https://registry.nlark.com/d3-contour/download/d3-contour-3.0.1.tgz#2c64255d43059599cd0dba8fe4cc3d51ccdd9bbd"
  integrity sha1-LGQlXUMFlZnNDbqP5Mw9Uczdm70=
  dependencies:
    d3-array "2 - 3"

d3-delaunay@6:
  version "6.0.2"
  resolved "https://registry.nlark.com/d3-delaunay/download/d3-delaunay-6.0.2.tgz#7fd3717ad0eade2fc9939f4260acfb503f984e92"
  integrity sha1-f9NxetDq3i/Jk59CYKz7UD+YTpI=
  dependencies:
    delaunator "5"

"d3-dispatch@1 - 3", d3-dispatch@3:
  version "3.0.1"
  resolved "https://registry.nlark.com/d3-dispatch/download/d3-dispatch-3.0.1.tgz?cache=0&sync_timestamp=1622918261265&other_urls=https%3A%2F%2Fregistry.nlark.com%2Fd3-dispatch%2Fdownload%2Fd3-dispatch-3.0.1.tgz#5fc75284e9c2375c36c839411a0cf550cbfc4d5e"
  integrity sha1-X8dShOnCN1w2yDlBGgz1UMv8TV4=

"d3-drag@2 - 3", d3-drag@3:
  version "3.0.0"
  resolved "https://registry.nlark.com/d3-drag/download/d3-drag-3.0.0.tgz#994aae9cd23c719f53b5e10e3a0a6108c69607ba"
  integrity sha1-mUqunNI8cZ9TteEOOgphCMaWB7o=
  dependencies:
    d3-dispatch "1 - 3"
    d3-selection "3"

"d3-dsv@1 - 3", d3-dsv@3, d3-dsv@3.0.1:
  version "3.0.1"
  resolved "https://registry.nlark.com/d3-dsv/download/d3-dsv-3.0.1.tgz#c63af978f4d6a0d084a52a673922be2160789b73"
  integrity sha1-xjr5ePTWoNCEpSpnOSK+IWB4m3M=
  dependencies:
    commander "7"
    iconv-lite "0.6"
    rw "1"

"d3-ease@1 - 3", d3-ease@3:
  version "3.0.1"
  resolved "https://registry.nlark.com/d3-ease/download/d3-ease-3.0.1.tgz?cache=0&sync_timestamp=1622918263267&other_urls=https%3A%2F%2Fregistry.nlark.com%2Fd3-ease%2Fdownload%2Fd3-ease-3.0.1.tgz#9658ac38a2140d59d346160f1f6c30fda0bd12f4"
  integrity sha1-llisOKIUDVnTRhYPH2ww/aC9EvQ=

d3-fetch@3:
  version "3.0.1"
  resolved "https://registry.nlark.com/d3-fetch/download/d3-fetch-3.0.1.tgz#83141bff9856a0edb5e38de89cdcfe63d0a60a22"
  integrity sha1-gxQb/5hWoO21443onNz+Y9CmCiI=
  dependencies:
    d3-dsv "1 - 3"

d3-force@3:
  version "3.0.0"
  resolved "https://registry.nlark.com/d3-force/download/d3-force-3.0.0.tgz#3e2ba1a61e70888fe3d9194e30d6d14eece155c4"
  integrity sha1-Piuhph5wiI/j2RlOMNbRTuzhVcQ=
  dependencies:
    d3-dispatch "1 - 3"
    d3-quadtree "1 - 3"
    d3-timer "1 - 3"

"d3-format@1 - 3", d3-format@3:
  version "3.0.1"
  resolved "https://registry.nlark.com/d3-format/download/d3-format-3.0.1.tgz?cache=0&sync_timestamp=1622918263829&other_urls=https%3A%2F%2Fregistry.nlark.com%2Fd3-format%2Fdownload%2Fd3-format-3.0.1.tgz#e41b81b2ab79277141ec1404aa5d05001da64084"
  integrity sha1-5BuBsqt5J3FB7BQEql0FAB2mQIQ=

d3-geo@3:
  version "3.0.1"
  resolved "https://registry.nlark.com/d3-geo/download/d3-geo-3.0.1.tgz#4f92362fd8685d93e3b1fae0fd97dc8980b1ed7e"
  integrity sha1-T5I2L9hoXZPjsfrg/ZfciYCx7X4=
  dependencies:
    d3-array "2.5.0 - 3"

d3-hierarchy@3:
  version "3.0.1"
  resolved "https://registry.nlark.com/d3-hierarchy/download/d3-hierarchy-3.0.1.tgz?cache=0&sync_timestamp=1622918264427&other_urls=https%3A%2F%2Fregistry.nlark.com%2Fd3-hierarchy%2Fdownload%2Fd3-hierarchy-3.0.1.tgz#0365342d54972e38ca05e9143e0ab1c60846b3b5"
  integrity sha1-A2U0LVSXLjjKBekUPgqxxghGs7U=

"d3-interpolate@1 - 3", "d3-interpolate@1.2.0 - 3", d3-interpolate@3:
  version "3.0.1"
  resolved "https://registry.nlark.com/d3-interpolate/download/d3-interpolate-3.0.1.tgz#3c47aa5b32c5b3dfb56ef3fd4342078a632b400d"
  integrity sha1-PEeqWzLFs9+1bvP9Q0IHimMrQA0=
  dependencies:
    d3-color "1 - 3"

"d3-path@1 - 3", d3-path@3:
  version "3.0.1"
  resolved "https://registry.nlark.com/d3-path/download/d3-path-3.0.1.tgz?cache=0&sync_timestamp=1622917833000&other_urls=https%3A%2F%2Fregistry.nlark.com%2Fd3-path%2Fdownload%2Fd3-path-3.0.1.tgz#f09dec0aaffd770b7995f1a399152bf93052321e"
  integrity sha1-8J3sCq/9dwt5lfGjmRUr+TBSMh4=

d3-polygon@3:
  version "3.0.1"
  resolved "https://registry.nlark.com/d3-polygon/download/d3-polygon-3.0.1.tgz#0b45d3dd1c48a29c8e057e6135693ec80bf16398"
  integrity sha1-C0XT3RxIopyOBX5hNWk+yAvxY5g=

"d3-quadtree@1 - 3", d3-quadtree@3:
  version "3.0.1"
  resolved "https://registry.nlark.com/d3-quadtree/download/d3-quadtree-3.0.1.tgz?cache=0&sync_timestamp=1622919071269&other_urls=https%3A%2F%2Fregistry.nlark.com%2Fd3-quadtree%2Fdownload%2Fd3-quadtree-3.0.1.tgz#6dca3e8be2b393c9a9d514dabbd80a92deef1a4f"
  integrity sha1-bco+i+Kzk8mp1RTau9gKkt7vGk8=

d3-random@3:
  version "3.0.1"
  resolved "https://registry.nlark.com/d3-random/download/d3-random-3.0.1.tgz#d4926378d333d9c0bfd1e6fa0194d30aebaa20f4"
  integrity sha1-1JJjeNMz2cC/0eb6AZTTCuuqIPQ=

d3-scale-chromatic@3:
  version "3.0.0"
  resolved "https://registry.nlark.com/d3-scale-chromatic/download/d3-scale-chromatic-3.0.0.tgz#15b4ceb8ca2bb0dcb6d1a641ee03d59c3b62376a"
  integrity sha1-FbTOuMorsNy20aZB7gPVnDtiN2o=
  dependencies:
    d3-color "1 - 3"
    d3-interpolate "1 - 3"

d3-scale@4:
  version "4.0.2"
  resolved "https://registry.npmmirror.com/d3-scale/download/d3-scale-4.0.2.tgz?cache=0&sync_timestamp=1632505941617&other_urls=https%3A%2F%2Fregistry.npmmirror.com%2Fd3-scale%2Fdownload%2Fd3-scale-4.0.2.tgz#82b38e8e8ff7080764f8dcec77bd4be393689396"
  integrity sha1-grOOjo/3CAdk+Nzsd71L45Nok5Y=
  dependencies:
    d3-array "2.10.0 - 3"
    d3-format "1 - 3"
    d3-interpolate "1.2.0 - 3"
    d3-time "2.1.1 - 3"
    d3-time-format "2 - 4"

"d3-selection@2 - 3", d3-selection@3:
  version "3.0.0"
  resolved "https://registry.nlark.com/d3-selection/download/d3-selection-3.0.0.tgz#c25338207efa72cc5b9bd1458a1a41901f1e1b31"
  integrity sha1-wlM4IH76csxbm9FFihpBkB8eGzE=

d3-shape@3:
  version "3.0.1"
  resolved "https://registry.nlark.com/d3-shape/download/d3-shape-3.0.1.tgz?cache=0&sync_timestamp=1622917833478&other_urls=https%3A%2F%2Fregistry.nlark.com%2Fd3-shape%2Fdownload%2Fd3-shape-3.0.1.tgz#9ccdfb28fd9b0d12f2d8aec234cd5c4a9ea27931"
  integrity sha1-nM37KP2bDRLy2K7CNM1cSp6ieTE=
  dependencies:
    d3-path "1 - 3"

"d3-time-format@2 - 4", d3-time-format@4:
  version "4.0.0"
  resolved "https://registry.nlark.com/d3-time-format/download/d3-time-format-4.0.0.tgz#930ded86a9de761702344760d8a25753467f28b7"
  integrity sha1-kw3thqnedhcCNEdg2KJXU0Z/KLc=
  dependencies:
    d3-time "1 - 3"

"d3-time@1 - 3", "d3-time@2.1.1 - 3", d3-time@3:
  version "3.0.0"
  resolved "https://registry.nlark.com/d3-time/download/d3-time-3.0.0.tgz#65972cb98ae2d4954ef5c932e8704061335d4975"
  integrity sha1-ZZcsuYri1JVO9cky6HBAYTNdSXU=
  dependencies:
    d3-array "2 - 3"

"d3-timer@1 - 3", d3-timer@3:
  version "3.0.1"
  resolved "https://registry.nlark.com/d3-timer/download/d3-timer-3.0.1.tgz#6284d2a2708285b1abb7e201eda4380af35e63b0"
  integrity sha1-YoTSonCChbGrt+IB7aQ4CvNeY7A=

"d3-transition@2 - 3", d3-transition@3:
  version "3.0.1"
  resolved "https://registry.nlark.com/d3-transition/download/d3-transition-3.0.1.tgz#6869fdde1448868077fdd5989200cb61b2a1645f"
  integrity sha1-aGn93hRIhoB3/dWYkgDLYbKhZF8=
  dependencies:
    d3-color "1 - 3"
    d3-dispatch "1 - 3"
    d3-ease "1 - 3"
    d3-interpolate "1 - 3"
    d3-timer "1 - 3"

d3-zoom@3:
  version "3.0.0"
  resolved "https://registry.nlark.com/d3-zoom/download/d3-zoom-3.0.0.tgz#d13f4165c73217ffeaa54295cd6969b3e7aee8f3"
  integrity sha1-0T9BZccyF//qpUKVzWlps+eu6PM=
  dependencies:
    d3-dispatch "1 - 3"
    d3-drag "2 - 3"
    d3-interpolate "1 - 3"
    d3-selection "2 - 3"
    d3-transition "2 - 3"

d3@^7.1.1:
  version "7.1.1"
  resolved "https://registry.npmmirror.com/d3/download/d3-7.1.1.tgz#77b9a0c9893b13643b8e52316ec65dca3a6a115e"
  integrity sha1-d7mgyYk7E2Q7jlIxbsZdyjpqEV4=
  dependencies:
    d3-array "3"
    d3-axis "3"
    d3-brush "3"
    d3-chord "3"
    d3-color "3"
    d3-contour "3"
    d3-delaunay "6"
    d3-dispatch "3"
    d3-drag "3"
    d3-dsv "3"
    d3-ease "3"
    d3-fetch "3"
    d3-force "3"
    d3-format "3"
    d3-geo "3"
    d3-hierarchy "3"
    d3-interpolate "3"
    d3-path "3"
    d3-polygon "3"
    d3-quadtree "3"
    d3-random "3"
    d3-scale "4"
    d3-scale-chromatic "3"
    d3-selection "3"
    d3-shape "3"
    d3-time "3"
    d3-time-format "4"
    d3-timer "3"
    d3-transition "3"
    d3-zoom "3"

delaunator@5:
  version "5.0.0"
  resolved "https://registry.npm.taobao.org/delaunator/download/delaunator-5.0.0.tgz#60f052b28bd91c9b4566850ebf7756efe821d81b"
  integrity sha1-YPBSsovZHJtFZoUOv3dW7+gh2Bs=
  dependencies:
    robust-predicates "^3.0.0"

esbuild-android-arm64@0.13.4:
  version "0.13.4"
  resolved "https://registry.npmmirror.com/esbuild-android-arm64/download/esbuild-android-arm64-0.13.4.tgz#5178a20d2b7aba741a31c19609f9e67b346996b9"
  integrity sha1-UXiiDSt6unQaMcGWCfnmezRplrk=

esbuild-darwin-64@0.13.4:
  version "0.13.4"
  resolved "https://registry.npmmirror.com/esbuild-darwin-64/download/esbuild-darwin-64-0.13.4.tgz?cache=0&sync_timestamp=1633445063023&other_urls=https%3A%2F%2Fregistry.npmmirror.com%2Fesbuild-darwin-64%2Fdownload%2Fesbuild-darwin-64-0.13.4.tgz#7a3e66c8e1271b650541b25eed65c84f3564a69d"
  integrity sha1-ej5myOEnG2UFQbJe7WXITzVkpp0=

esbuild-darwin-arm64@0.13.4:
  version "0.13.4"
  resolved "https://registry.npmmirror.com/esbuild-darwin-arm64/download/esbuild-darwin-arm64-0.13.4.tgz?cache=0&sync_timestamp=1633445062634&other_urls=https%3A%2F%2Fregistry.npmmirror.com%2Fesbuild-darwin-arm64%2Fdownload%2Fesbuild-darwin-arm64-0.13.4.tgz#793feca6032b2a57ef291eb9b2d33768d60a49d6"
  integrity sha1-eT/spgMrKlfvKR65stM3aNYKSdY=

esbuild-freebsd-64@0.13.4:
  version "0.13.4"
  resolved "https://registry.npmmirror.com/esbuild-freebsd-64/download/esbuild-freebsd-64-0.13.4.tgz#294aec3c2cf4b41fb6900212fc9c33dd8fbbb4a2"
  integrity sha1-KUrsPCz0tB+2kAIS/Jwz3Y+7tKI=

esbuild-freebsd-arm64@0.13.4:
  version "0.13.4"
  resolved "https://registry.npmmirror.com/esbuild-freebsd-arm64/download/esbuild-freebsd-arm64-0.13.4.tgz?cache=0&sync_timestamp=1633445068690&other_urls=https%3A%2F%2Fregistry.npmmirror.com%2Fesbuild-freebsd-arm64%2Fdownload%2Fesbuild-freebsd-arm64-0.13.4.tgz#09fe66c751c12f9b976976b1d83f3de594cb2787"
  integrity sha1-Cf5mx1HBL5uXaXax2D895ZTLJ4c=

esbuild-linux-32@0.13.4:
  version "0.13.4"
  resolved "https://registry.npmmirror.com/esbuild-linux-32/download/esbuild-linux-32-0.13.4.tgz#a9f0793d7bcc9cef4f4ffa4398c525877fba5839"
  integrity sha1-qfB5PXvMnO9PT/pDmMUlh3+6WDk=

esbuild-linux-64@0.13.4:
  version "0.13.4"
  resolved "https://registry.npmmirror.com/esbuild-linux-64/download/esbuild-linux-64-0.13.4.tgz#c0d0b4c9d62e3bbf8bdf2cece37403aa6d60fc2e"
  integrity sha1-wNC0ydYuO7+L3yzs43QDqm1g/C4=

esbuild-linux-arm64@0.13.4:
  version "0.13.4"
  resolved "https://registry.npmmirror.com/esbuild-linux-arm64/download/esbuild-linux-arm64-0.13.4.tgz#1292d97bfa64a08d12728f8a7837bf92776c779b"
  integrity sha1-EpLZe/pkoI0Sco+KeDe/kndsd5s=

esbuild-linux-arm@0.13.4:
  version "0.13.4"
  resolved "https://registry.npmmirror.com/esbuild-linux-arm/download/esbuild-linux-arm-0.13.4.tgz#186cd9b8885ac132b9953a4a0afe668168debd10"
  integrity sha1-GGzZuIhawTK5lTpKCv5mgWjevRA=

esbuild-linux-mips64le@0.13.4:
  version "0.13.4"
  resolved "https://registry.npmmirror.com/esbuild-linux-mips64le/download/esbuild-linux-mips64le-0.13.4.tgz#42049bf72bc586817b4a51cc9e32148d13e5e807"
  integrity sha1-QgSb9yvFhoF7SlHMnjIUjRPl6Ac=

esbuild-linux-ppc64le@0.13.4:
  version "0.13.4"
  resolved "https://registry.npmmirror.com/esbuild-linux-ppc64le/download/esbuild-linux-ppc64le-0.13.4.tgz#adf1ce2ef2302757c4383887da6ac4dd25be9d4f"
  integrity sha1-rfHOLvIwJ1fEODiH2mrE3SW+nU8=

esbuild-openbsd-64@0.13.4:
  version "0.13.4"
  resolved "https://registry.npmmirror.com/esbuild-openbsd-64/download/esbuild-openbsd-64-0.13.4.tgz?cache=0&sync_timestamp=1633445061210&other_urls=https%3A%2F%2Fregistry.npmmirror.com%2Fesbuild-openbsd-64%2Fdownload%2Fesbuild-openbsd-64-0.13.4.tgz#1c8122101898c52a20c8786935cf3eb7a19b83b4"
  integrity sha1-HIEiEBiYxSogyHhpNc8+t6Gbg7Q=

esbuild-sunos-64@0.13.4:
  version "0.13.4"
  resolved "https://registry.npmmirror.com/esbuild-sunos-64/download/esbuild-sunos-64-0.13.4.tgz#4ec95faa14a60f295fe485bebffefff408739337"
  integrity sha1-TslfqhSmDylf5IW+v/7/9Ahzkzc=

esbuild-windows-32@0.13.4:
  version "0.13.4"
  resolved "https://registry.npmmirror.com/esbuild-windows-32/download/esbuild-windows-32-0.13.4.tgz?cache=0&sync_timestamp=1633445061585&other_urls=https%3A%2F%2Fregistry.npmmirror.com%2Fesbuild-windows-32%2Fdownload%2Fesbuild-windows-32-0.13.4.tgz#3182c380487b797b04d0ec2c80c2945666869080"
  integrity sha1-MYLDgEh7eXsE0OwsgMKUVmaGkIA=

esbuild-windows-64@0.13.4:
  version "0.13.4"
  resolved "https://registry.npmmirror.com/esbuild-windows-64/download/esbuild-windows-64-0.13.4.tgz?cache=0&sync_timestamp=1633444546369&other_urls=https%3A%2F%2Fregistry.npmmirror.com%2Fesbuild-windows-64%2Fdownload%2Fesbuild-windows-64-0.13.4.tgz#b9e995f92d81f433a04f33611e603e82f9232e69"
  integrity sha1-uemV+S2B9DOgTzNhHmA+gvkjLmk=

esbuild-windows-arm64@0.13.4:
  version "0.13.4"
  resolved "https://registry.npmmirror.com/esbuild-windows-arm64/download/esbuild-windows-arm64-0.13.4.tgz?cache=0&sync_timestamp=1633445060809&other_urls=https%3A%2F%2Fregistry.npmmirror.com%2Fesbuild-windows-arm64%2Fdownload%2Fesbuild-windows-arm64-0.13.4.tgz#fb239532f07b764d158f4cc787178ef4c6fadb5c"
  integrity sha1-+yOVMvB7dk0Vj0zHhxeO9Mb621w=

esbuild@^0.13.2:
  version "0.13.4"
  resolved "https://registry.npmmirror.com/esbuild/download/esbuild-0.13.4.tgz#ce2deb56c4fb360938311cbfc67f8e467bb6841b"
  integrity sha1-zi3rVsT7Ngk4MRy/xn+ORnu2hBs=
  optionalDependencies:
    esbuild-android-arm64 "0.13.4"
    esbuild-darwin-64 "0.13.4"
    esbuild-darwin-arm64 "0.13.4"
    esbuild-freebsd-64 "0.13.4"
    esbuild-freebsd-arm64 "0.13.4"
    esbuild-linux-32 "0.13.4"
    esbuild-linux-64 "0.13.4"
    esbuild-linux-arm "0.13.4"
    esbuild-linux-arm64 "0.13.4"
    esbuild-linux-mips64le "0.13.4"
    esbuild-linux-ppc64le "0.13.4"
    esbuild-openbsd-64 "0.13.4"
    esbuild-sunos-64 "0.13.4"
    esbuild-windows-32 "0.13.4"
    esbuild-windows-64 "0.13.4"
    esbuild-windows-arm64 "0.13.4"

fsevents@~2.3.2:
  version "2.3.2"
  resolved "https://registry.npm.taobao.org/fsevents/download/fsevents-2.3.2.tgz#8a526f78b8fdf4623b709e0b975c52c24c02fd1a"
  integrity sha1-ilJveLj99GI7cJ4Ll1xSwkwC/Ro=

function-bind@^1.1.1:
  version "1.1.1"
  resolved "https://registry.nlark.com/function-bind/download/function-bind-1.1.1.tgz#a56899d3ea3c9bab874bb9773b7c5ede92f4895d"
  integrity sha1-pWiZ0+o8m6uHS7l3O3xe3pL0iV0=

has@^1.0.3:
  version "1.0.3"
  resolved "https://registry.nlark.com/has/download/has-1.0.3.tgz#722d7cbfc1f6aa8241f16dd814e011e1f41e8796"
  integrity sha1-ci18v8H2qoJB8W3YFOAR4fQeh5Y=
  dependencies:
    function-bind "^1.1.1"

iconv-lite@0.6:
  version "0.6.3"
  resolved "https://registry.nlark.com/iconv-lite/download/iconv-lite-0.6.3.tgz?cache=0&sync_timestamp=1621826342262&other_urls=https%3A%2F%2Fregistry.nlark.com%2Ficonv-lite%2Fdownload%2Ficonv-lite-0.6.3.tgz#a52f80bf38da1952eb5c681790719871a1a72501"
  integrity sha1-pS+AvzjaGVLrXGgXkHGYcaGnJQE=
  dependencies:
    safer-buffer ">= 2.1.2 < 3.0.0"

"internmap@1 - 2":
  version "2.0.3"
  resolved "https://registry.nlark.com/internmap/download/internmap-2.0.3.tgz#6685f23755e43c524e251d29cbc97248e3061009"
  integrity sha1-ZoXyN1XkPFJOJR0py8lySOMGEAk=

is-core-module@^2.2.0:
  version "2.7.0"
  resolved "https://registry.npmmirror.com/is-core-module/download/is-core-module-2.7.0.tgz#3c0ef7d31b4acfc574f80c58409d568a836848e3"
  integrity sha1-PA730xtKz8V0+AxYQJ1WioNoSOM=
  dependencies:
    has "^1.0.3"

nanoid@^3.1.28:
  version "3.1.29"
  resolved "https://registry.npmmirror.com/nanoid/download/nanoid-3.1.29.tgz?cache=0&sync_timestamp=1633468509349&other_urls=https%3A%2F%2Fregistry.npmmirror.com%2Fnanoid%2Fdownload%2Fnanoid-3.1.29.tgz#214fb2d7a33e1a5bef4757b779dfaeb6a4e5aeb4"
  integrity sha1-IU+y16M+GlvvR1e3ed+utqTlrrQ=

path-parse@^1.0.6:
  version "1.0.7"
  resolved "https://registry.nlark.com/path-parse/download/path-parse-1.0.7.tgz#fbc114b60ca42b30d9daf5858e4bd68bbedb6735"
  integrity sha1-+8EUtgykKzDZ2vWFjkvWi77bZzU=

picocolors@^0.2.1:
  version "0.2.1"
  resolved "https://registry.npmmirror.com/picocolors/download/picocolors-0.2.1.tgz#570670f793646851d1ba135996962abad587859f"
  integrity sha1-VwZw95NkaFHRuhNZlpYqutWHhZ8=

postcss@^8.3.8:
  version "8.3.9"
  resolved "https://registry.npmmirror.com/postcss/download/postcss-8.3.9.tgz?cache=0&sync_timestamp=1633378842593&other_urls=https%3A%2F%2Fregistry.npmmirror.com%2Fpostcss%2Fdownload%2Fpostcss-8.3.9.tgz#98754caa06c4ee9eb59cc48bd073bb6bd3437c31"
  integrity sha1-mHVMqgbE7p61nMSL0HO7a9NDfDE=
  dependencies:
    nanoid "^3.1.28"
    picocolors "^0.2.1"
    source-map-js "^0.6.2"

resolve@^1.20.0:
  version "1.20.0"
  resolved "https://registry.nlark.com/resolve/download/resolve-1.20.0.tgz#629a013fb3f70755d6f0b7935cc1c2c5378b1975"
  integrity sha1-YpoBP7P3B1XW8LeTXMHCxTeLGXU=
  dependencies:
    is-core-module "^2.2.0"
    path-parse "^1.0.6"

robust-predicates@^3.0.0:
  version "3.0.1"
  resolved "https://registry.nlark.com/robust-predicates/download/robust-predicates-3.0.1.tgz#ecde075044f7f30118682bd9fb3f123109577f9a"
  integrity sha1-7N4HUET38wEYaCvZ+z8SMQlXf5o=

rollup@^2.57.0:
  version "2.58.0"
  resolved "https://registry.npmmirror.com/rollup/download/rollup-2.58.0.tgz?cache=0&sync_timestamp=1633071808909&other_urls=https%3A%2F%2Fregistry.npmmirror.com%2Frollup%2Fdownload%2Frollup-2.58.0.tgz#a643983365e7bf7f5b7c62a8331b983b7c4c67fb"
  integrity sha1-pkOYM2Xnv39bfGKoMxuYO3xMZ/s=
  optionalDependencies:
    fsevents "~2.3.2"

rw@1:
  version "1.3.3"
  resolved "https://registry.nlark.com/rw/download/rw-1.3.3.tgz#3f862dfa91ab766b14885ef4d01124bfda074fb4"
  integrity sha1-P4Yt+pGrdmsUiF700BEkv9oHT7Q=

"safer-buffer@>= 2.1.2 < 3.0.0":
  version "2.1.2"
  resolved "https://registry.nlark.com/safer-buffer/download/safer-buffer-2.1.2.tgz#44fa161b0187b9549dd84bb91802f9bd8385cd6a"
  integrity sha1-RPoWGwGHuVSd2Eu5GAL5vYOFzWo=

source-map-js@^0.6.2:
  version "0.6.2"
  resolved "https://registry.npm.taobao.org/source-map-js/download/source-map-js-0.6.2.tgz#0bb5de631b41cfbda6cfba8bd05a80efdfd2385e"
  integrity sha1-C7XeYxtBz72mz7qL0FqA79/SOF4=

typescript@^4.4.4:
  version "4.4.4"
  resolved "https://registry.npmmirror.com/typescript/download/typescript-4.4.4.tgz?cache=0&other_urls=https%3A%2F%2Fregistry.npmmirror.com%2Ftypescript%2Fdownload%2Ftypescript-4.4.4.tgz#2cd01a1a1f160704d3101fd5a58ff0f9fcb8030c"
  integrity sha1-LNAaGh8WBwTTEB/VpY/w+fy4Aww=

vite@^2.6.7:
  version "2.6.7"
  resolved "https://registry.npmmirror.com/vite/download/vite-2.6.7.tgz#e15c1d8327950720b5d7c4ec3fb36a5a58ccf7cb"
  integrity sha1-4VwdgyeVByC118TsP7NqWljM98s=
  dependencies:
    esbuild "^0.13.2"
    postcss "^8.3.8"
    resolve "^1.20.0"
    rollup "^2.57.0"
  optionalDependencies:
    fsevents "~2.3.2"
